
Microsoft Visual Studio Solution File, Format Version 12.00
# Visual Studio Version 16
VisualStudioVersion = 16.0.29209.62
MinimumVisualStudioVersion = 10.0.40219.1
Project("{FAE04EC0-301F-11D3-BF4B-00C04F79EFBC}") = "YoutubeCrawler", "YoutubeCrawler\YoutubeCrawler.csproj", "{BB2C255A-AE34-48A7-BAA4-414122057301}"
EndProject
Global
	GlobalSection(SolutionConfigurationPlatforms) = preSolution
		Debug|Any CPU = Debug|Any CPU
		Debug|x64 = Debug|x64
		Release|Any CPU = Release|Any CPU
		Release|x64 = Release|x64
	EndGlobalSection
	GlobalSection(ProjectConfigurationPlatforms) = postSolution
		{BB2C255A-AE34-48A7-BAA4-414122057301}.Debug|Any CPU.ActiveCfg = Debug|Any CPU
		{BB2C255A-AE34-48A7-BAA4-414122057301}.Debug|Any CPU.Build.0 = Debug|Any CPU
		{BB2C255A-AE34-48A7-BAA4-414122057301}.Debug|x64.ActiveCfg = Debug|x64
		{BB2C255A-AE34-48A7-BAA4-414122057301}.Debug|x64.Build.0 = Debug|x64
		{BB2C255A-AE34-48A7-BAA4-414122057301}.Release|Any CPU.ActiveCfg = Release|Any CPU
		{BB2C255A-AE34-48A7-BAA4-414122057301}.Release|Any CPU.Build.0 = Release|Any CPU
		{BB2C255A-AE34-48A7-BAA4-414122057301}.Release|x64.ActiveCfg = Release|x64
		{BB2C255A-AE34-48A7-BAA4-414122057301}.Release|x64.Build.0 = Release|x64
	EndGlobalSection
	GlobalSection(SolutionProperties) = preSolution
		HideSolutionNode = FALSE
	EndGlobalSection
	GlobalSection(ExtensibilityGlobals) = postSolution
		SolutionGuid = {819848A1-9AA2-40BB-A797-5FE926B0DE1E}
	EndGlobalSection
EndGlobal
